
Microsoft Visual Studio Solution File, Format Version 12.00
# Visual Studio Version 17
VisualStudioVersion = 17.14.36221.1 d17.14
MinimumVisualStudioVersion = 10.0.40219.1
Project("{FAE04EC0-301F-11D3-BF4B-00C04F79EFBC}") = "OnlineFoodOrderingSystemGUI", "OnlineFoodOrderingSystemGUI\OnlineFoodOrderingSystemGUI.csproj", "{C87C180B-4918-4C6F-982F-F1BC53455359}"
EndProject
Global
	GlobalSection(SolutionConfigurationPlatforms) = preSolution
		Debug|Any CPU = Debug|Any CPU
		Release|Any CPU = Release|Any CPU
	EndGlobalSection
	GlobalSection(ProjectConfigurationPlatforms) = postSolution
		{C87C180B-4918-4C6F-982F-F1BC53455359}.Debug|Any CPU.ActiveCfg = Debug|Any CPU
		{C87C180B-4918-4C6F-982F-F1BC53455359}.Debug|Any CPU.Build.0 = Debug|Any CPU
		{C87C180B-4918-4C6F-982F-F1BC53455359}.Release|Any CPU.ActiveCfg = Release|Any CPU
		{C87C180B-4918-4C6F-982F-F1BC53455359}.Release|Any CPU.Build.0 = Release|Any CPU
	EndGlobalSection
	GlobalSection(SolutionProperties) = preSolution
		HideSolutionNode = FALSE
	EndGlobalSection
	GlobalSection(ExtensibilityGlobals) = postSolution
		SolutionGuid = {A96FD95F-14CB-4734-A5A5-A6F376FBB7AE}
	EndGlobalSection
EndGlobal
